{
  "name": "basic",
  "lockfileVersion": 2,
  "requires": true,
  "packages": {
    "../..": {
      "version": "0.0.0",
      "extraneous": true,
      "license": "MIT",
      "dependencies": {
        "chalk": "^5.0.0",
        "chokidar": "^3.5.2",
        "lodash": "^4.17.21",
        "nunjucks": "^3.2.3",
        "regexparam": "^2.0.1"
      },
      "bin": {
        "stewpot": "src/cli.js"
      },
      "devDependencies": {
        "ava": "^4.3.3",
        "c8": "^7.12.0",
        "eslint": "^8.3.0",
        "eslint-config-prettier": "^8.3.0",
        "eslint-plugin-prettier": "^4.0.0",
        "nodemon": "^2.0.15",
        "prettier": "^2.5.0",
        "uvu": "^0.5.1"
      }
    }
  }
}
